// !$*UTF8*$!
{
	archiveVersion = 1;
	classes = {
	};
	objectVersion = 48;
	objects = {

/* Begin PBXBuildFile section */
		4D0792A0201103BE000B95D7 /* BookViewController.swift in Sources */ = {isa = PBXBuildFile; fileRef = 4D07929F201103BE000B95D7 /* BookViewController.swift */; };
		4D216C8C200E50860061B263 /* AppDelegate.swift in Sources */ = {isa = PBXBuildFile; fileRef = 4D216C8B200E50860061B263 /* AppDelegate.swift */; };
		4D216C8E200E50860061B263 /* TagViewController.swift in Sources */ = {isa = PBXBuildFile; fileRef = 4D216C8D200E50860061B263 /* TagViewController.swift */; };
		4D216C91200E50860061B263 /* Main.storyboard in Resources */ = {isa = PBXBuildFile; fileRef = 4D216C8F200E50860061B263 /* Main.storyboard */; };
		4D216C93200E50860061B263 /* Assets.xcassets in Resources */ = {isa = PBXBuildFile; fileRef = 4D216C92200E50860061B263 /* Assets.xcassets */; };
		4D216C96200E50860061B263 /* LaunchScreen.storyboard in Resources */ = {isa = PBXBuildFile; fileRef = 4D216C94200E50860061B263 /* LaunchScreen.storyboard */; };
		4DDB8BB6200F8A7F007680F9 /* ErrorAlert.swift in Sources */ = {isa = PBXBuildFile; fileRef = 4DDB8BB5200F8A7F007680F9 /* ErrorAlert.swift */; };
		4DDB8BB8200F8ACC007680F9 /* WaitingSpinner.swift in Sources */ = {isa = PBXBuildFile; fileRef = 4DDB8BB7200F8ACC007680F9 /* WaitingSpinner.swift */; };
		4DDB8BBA200F8B93007680F9 /* CollageViewController.swift in Sources */ = {isa = PBXBuildFile; fileRef = 4DDB8BB9200F8B93007680F9 /* CollageViewController.swift */; };
		4DDB8BBC200F8C14007680F9 /* Tag.swift in Sources */ = {isa = PBXBuildFile; fileRef = 4DDB8BBB200F8C14007680F9 /* Tag.swift */; };
		4DDB8BBE200FA608007680F9 /* DisplayError.swift in Sources */ = {isa = PBXBuildFile; fileRef = 4DDB8BBD200FA608007680F9 /* DisplayError.swift */; };
		4DDB8BC0200FA678007680F9 /* ResponseHandler.swift in Sources */ = {isa = PBXBuildFile; fileRef = 4DDB8BBF200FA678007680F9 /* ResponseHandler.swift */; };
		4DDB8BC2200FA750007680F9 /* GoodreadsClient.swift in Sources */ = {isa = PBXBuildFile; fileRef = 4DDB8BC1200FA750007680F9 /* GoodreadsClient.swift */; };
		4DDB8BC4200FA916007680F9 /* Book.swift in Sources */ = {isa = PBXBuildFile; fileRef = 4DDB8BC3200FA916007680F9 /* Book.swift */; };
		4DDB8BC6200FB4AE007680F9 /* BookCollectionViewCell.swift in Sources */ = {isa = PBXBuildFile; fileRef = 4DDB8BC5200FB4AE007680F9 /* BookCollectionViewCell.swift */; };
		558F469684C79415D691410E /* Pods_BookTag.framework in Frameworks */ = {isa = PBXBuildFile; fileRef = DF06D585D068A0A385D9F8FA /* Pods_BookTag.framework */; };
/* End PBXBuildFile section */

/* Begin PBXFileReference section */
		351ED97A2F441284790CE39F /* Pods-BookTag.debug.xcconfig */ = {isa = PBXFileReference; includeInIndex = 1; lastKnownFileType = text.xcconfig; name = "Pods-BookTag.debug.xcconfig"; path = "Pods/Target Support Files/Pods-BookTag/Pods-BookTag.debug.xcconfig"; sourceTree = "<group>"; };
		4D07929F201103BE000B95D7 /* BookViewController.swift */ = {isa = PBXFileReference; lastKnownFileType = sourcecode.swift; path = BookViewController.swift; sourceTree = "<group>"; };
		4D216C88200E50860061B263 /* BookTag.app */ = {isa = PBXFileReference; explicitFileType = wrapper.application; includeInIndex = 0; path = BookTag.app; sourceTree = BUILT_PRODUCTS_DIR; };
		4D216C8B200E50860061B263 /* AppDelegate.swift */ = {isa = PBXFileReference; lastKnownFileType = sourcecode.swift; path = AppDelegate.swift; sourceTree = "<group>"; };
		4D216C8D200E50860061B263 /* TagViewController.swift */ = {isa = PBXFileReference; lastKnownFileType = sourcecode.swift; path = TagViewController.swift; sourceTree = "<group>"; };
		4D216C90200E50860061B263 /* Base */ = {isa = PBXFileReference; lastKnownFileType = file.storyboard; name = Base; path = Base.lproj/Main.storyboard; sourceTree = "<group>"; };
		4D216C92200E50860061B263 /* Assets.xcassets */ = {isa = PBXFileReference; lastKnownFileType = folder.assetcatalog; path = Assets.xcassets; sourceTree = "<group>"; };
		4D216C95200E50860061B263 /* Base */ = {isa = PBXFileReference; lastKnownFileType = file.storyboard; name = Base; path = Base.lproj/LaunchScreen.storyboard; sourceTree = "<group>"; };
		4D216C97200E50860061B263 /* Info.plist */ = {isa = PBXFileReference; lastKnownFileType = text.plist.xml; path = Info.plist; sourceTree = "<group>"; };
		4DDB8BB5200F8A7F007680F9 /* ErrorAlert.swift */ = {isa = PBXFileReference; lastKnownFileType = sourcecode.swift; path = ErrorAlert.swift; sourceTree = "<group>"; };
		4DDB8BB7200F8ACC007680F9 /* WaitingSpinner.swift */ = {isa = PBXFileReference; lastKnownFileType = sourcecode.swift; path = WaitingSpinner.swift; sourceTree = "<group>"; };
		4DDB8BB9200F8B93007680F9 /* CollageViewController.swift */ = {isa = PBXFileReference; lastKnownFileType = sourcecode.swift; path = CollageViewController.swift; sourceTree = "<group>"; };
		4DDB8BBB200F8C14007680F9 /* Tag.swift */ = {isa = PBXFileReference; lastKnownFileType = sourcecode.swift; path = Tag.swift; sourceTree = "<group>"; };
		4DDB8BBD200FA608007680F9 /* DisplayError.swift */ = {isa = PBXFileReference; lastKnownFileType = sourcecode.swift; path = DisplayError.swift; sourceTree = "<group>"; };
		4DDB8BBF200FA678007680F9 /* ResponseHandler.swift */ = {isa = PBXFileReference; lastKnownFileType = sourcecode.swift; path = ResponseHandler.swift; sourceTree = "<group>"; };
		4DDB8BC1200FA750007680F9 /* GoodreadsClient.swift */ = {isa = PBXFileReference; lastKnownFileType = sourcecode.swift; path = GoodreadsClient.swift; sourceTree = "<group>"; };
		4DDB8BC3200FA916007680F9 /* Book.swift */ = {isa = PBXFileReference; lastKnownFileType = sourcecode.swift; path = Book.swift; sourceTree = "<group>"; };
		4DDB8BC5200FB4AE007680F9 /* BookCollectionViewCell.swift */ = {isa = PBXFileReference; lastKnownFileType = sourcecode.swift; path = BookCollectionViewCell.swift; sourceTree = "<group>"; };
		B5D1B0AB5C62FB1525B3943D /* Pods-BookTag.release.xcconfig */ = {isa = PBXFileReference; includeInIndex = 1; lastKnownFileType = text.xcconfig; name = "Pods-BookTag.release.xcconfig"; path = "Pods/Target Support Files/Pods-BookTag/Pods-BookTag.release.xcconfig"; sourceTree = "<group>"; };
		DF06D585D068A0A385D9F8FA /* Pods_BookTag.framework */ = {isa = PBXFileReference; explicitFileType = wrapper.framework; includeInIndex = 0; path = Pods_BookTag.framework; sourceTree = BUILT_PRODUCTS_DIR; };
/* End PBXFileReference section */

/* Begin PBXFrameworksBuildPhase section */
		4D216C85200E50860061B263 /* Frameworks */ = {
			isa = PBXFrameworksBuildPhase;
			buildActionMask = 2147483647;
			files = (
				558F469684C79415D691410E /* Pods_BookTag.framework in Frameworks */,
			);
			runOnlyForDeploymentPostprocessing = 0;
		};
/* End PBXFrameworksBuildPhase section */

/* Begin PBXGroup section */
		4D216C7F200E50860061B263 = {
			isa = PBXGroup;
			children = (
				4D216C8A200E50860061B263 /* BookTag */,
				4D216C89200E50860061B263 /* Products */,
				EF764BA861D2D215D4ABE745 /* Pods */,
				7B1AA853F882A8802FC144D6 /* Frameworks */,
			);
			sourceTree = "<group>";
		};
		4D216C89200E50860061B263 /* Products */ = {
			isa = PBXGroup;
			children = (
				4D216C88200E50860061B263 /* BookTag.app */,
			);
			name = Products;
			sourceTree = "<group>";
		};
		4D216C8A200E50860061B263 /* BookTag */ = {
			isa = PBXGroup;
			children = (
				4DDB8BB0200F891D007680F9 /* Controllers */,
				4DDB8BB1200F892E007680F9 /* Models */,
				4DDB8BB2200F893D007680F9 /* Utilities */,
				4D216C8B200E50860061B263 /* AppDelegate.swift */,
				4D216C8F200E50860061B263 /* Main.storyboard */,
				4D216C92200E50860061B263 /* Assets.xcassets */,
				4D216C94200E50860061B263 /* LaunchScreen.storyboard */,
				4D216C97200E50860061B263 /* Info.plist */,
			);
			path = BookTag;
			sourceTree = "<group>";
		};
		4DDB8BB0200F891D007680F9 /* Controllers */ = {
			isa = PBXGroup;
			children = (
				4D216C8D200E50860061B263 /* TagViewController.swift */,
				4DDB8BB9200F8B93007680F9 /* CollageViewController.swift */,
				4D07929F201103BE000B95D7 /* BookViewController.swift */,
			);
			path = Controllers;
			sourceTree = "<group>";
		};
		4DDB8BB1200F892E007680F9 /* Models */ = {
			isa = PBXGroup;
			children = (
				4DDB8BB4200F8A47007680F9 /* CoreData */,
				4DDB8BB3200F8A29007680F9 /* GoodreadsClient */,
				4DDB8BC5200FB4AE007680F9 /* BookCollectionViewCell.swift */,
			);
			path = Models;
			sourceTree = "<group>";
		};
		4DDB8BB2200F893D007680F9 /* Utilities */ = {
			isa = PBXGroup;
			children = (
				4DDB8BB5200F8A7F007680F9 /* ErrorAlert.swift */,
				4DDB8BB7200F8ACC007680F9 /* WaitingSpinner.swift */,
			);
			path = Utilities;
			sourceTree = "<group>";
		};
		4DDB8BB3200F8A29007680F9 /* GoodreadsClient */ = {
			isa = PBXGroup;
			children = (
				4DDB8BBD200FA608007680F9 /* DisplayError.swift */,
				4DDB8BC1200FA750007680F9 /* GoodreadsClient.swift */,
				4DDB8BBF200FA678007680F9 /* ResponseHandler.swift */,
			);
			path = GoodreadsClient;
			sourceTree = "<group>";
		};
		4DDB8BB4200F8A47007680F9 /* CoreData */ = {
			isa = PBXGroup;
			children = (
				4DDB8BBB200F8C14007680F9 /* Tag.swift */,
				4DDB8BC3200FA916007680F9 /* Book.swift */,
			);
			path = CoreData;
			sourceTree = "<group>";
		};
		7B1AA853F882A8802FC144D6 /* Frameworks */ = {
			isa = PBXGroup;
			children = (
				DF06D585D068A0A385D9F8FA /* Pods_BookTag.framework */,
			);
			name = Frameworks;
			sourceTree = "<group>";
		};
		EF764BA861D2D215D4ABE745 /* Pods */ = {
			isa = PBXGroup;
			children = (
				351ED97A2F441284790CE39F /* Pods-BookTag.debug.xcconfig */,
				B5D1B0AB5C62FB1525B3943D /* Pods-BookTag.release.xcconfig */,
			);
			name = Pods;
			sourceTree = "<group>";
		};
/* End PBXGroup section */

/* Begin PBXNativeTarget section */
		4D216C87200E50860061B263 /* BookTag */ = {
			isa = PBXNativeTarget;
			buildConfigurationList = 4D216C9A200E50860061B263 /* Build configuration list for PBXNativeTarget "BookTag" */;
			buildPhases = (
				EB34BDBA4C0867842678223F /* [CP] Check Pods Manifest.lock */,
				4D216C84200E50860061B263 /* Sources */,
				4D216C85200E50860061B263 /* Frameworks */,
				4D216C86200E50860061B263 /* Resources */,
				3ADFF15F665BF896CCA35C77 /* [CP] Embed Pods Frameworks */,
				7B397D0DF2CCBAFB85CD0F94 /* [CP] Copy Pods Resources */,
			);
			buildRules = (
			);
			dependencies = (
			);
			name = BookTag;
			productName = BookTag;
			productReference = 4D216C88200E50860061B263 /* BookTag.app */;
			productType = "com.apple.product-type.application";
		};
/* End PBXNativeTarget section */

/* Begin PBXProject section */
		4D216C80200E50860061B263 /* Project object */ = {
			isa = PBXProject;
			attributes = {
				LastSwiftUpdateCheck = 0920;
				LastUpgradeCheck = 0920;
				ORGANIZATIONNAME = "Jason Wedepohl";
				TargetAttributes = {
					4D216C87200E50860061B263 = {
						CreatedOnToolsVersion = 9.2;
						ProvisioningStyle = Automatic;
					};
				};
			};
			buildConfigurationList = 4D216C83200E50860061B263 /* Build configuration list for PBXProject "BookTag" */;
			compatibilityVersion = "Xcode 8.0";
			developmentRegion = en;
			hasScannedForEncodings = 0;
			knownRegions = (
				en,
				Base,
			);
			mainGroup = 4D216C7F200E50860061B263;
			productRefGroup = 4D216C89200E50860061B263 /* Products */;
			projectDirPath = "";
			projectRoot = "";
			targets = (
				4D216C87200E50860061B263 /* BookTag */,
			);
		};
/* End PBXProject section */

/* Begin PBXResourcesBuildPhase section */
		4D216C86200E50860061B263 /* Resources */ = {
			isa = PBXResourcesBuildPhase;
			buildActionMask = 2147483647;
			files = (
				4D216C96200E50860061B263 /* LaunchScreen.storyboard in Resources */,
				4D216C93200E50860061B263 /* Assets.xcassets in Resources */,
				4D216C91200E50860061B263 /* Main.storyboard in Resources */,
			);
			runOnlyForDeploymentPostprocessing = 0;
		};
/* End PBXResourcesBuildPhase section */

/* Begin PBXShellScriptBuildPhase section */
		3ADFF15F665BF896CCA35C77 /* [CP] Embed Pods Frameworks */ = {
			isa = PBXShellScriptBuildPhase;
			buildActionMask = 2147483647;
			files = (
			);
			inputPaths = (
				"${SRCROOT}/Pods/Target Support Files/Pods-BookTag/Pods-BookTag-frameworks.sh",
				"${BUILT_PRODUCTS_DIR}/SWXMLHash/SWXMLHash.framework",
			);
			name = "[CP] Embed Pods Frameworks";
			outputPaths = (
				"${TARGET_BUILD_DIR}/${FRAMEWORKS_FOLDER_PATH}/SWXMLHash.framework",
			);
			runOnlyForDeploymentPostprocessing = 0;
			shellPath = /bin/sh;
			shellScript = "\"${SRCROOT}/Pods/Target Support Files/Pods-BookTag/Pods-BookTag-frameworks.sh\"\n";
			showEnvVarsInLog = 0;
		};
		7B397D0DF2CCBAFB85CD0F94 /* [CP] Copy Pods Resources */ = {
			isa = PBXShellScriptBuildPhase;
			buildActionMask = 2147483647;
			files = (
			);
			inputPaths = (
			);
			name = "[CP] Copy Pods Resources";
			outputPaths = (
			);
			runOnlyForDeploymentPostprocessing = 0;
			shellPath = /bin/sh;
			shellScript = "\"${SRCROOT}/Pods/Target Support Files/Pods-BookTag/Pods-BookTag-resources.sh\"\n";
			showEnvVarsInLog = 0;
		};
		EB34BDBA4C0867842678223F /* [CP] Check Pods Manifest.lock */ = {
			isa = PBXShellScriptBuildPhase;
			buildActionMask = 2147483647;
			files = (
			);
			inputPaths = (
				"${PODS_PODFILE_DIR_PATH}/Podfile.lock",
				"${PODS_ROOT}/Manifest.lock",
			);
			name = "[CP] Check Pods Manifest.lock";
			outputPaths = (
				"$(DERIVED_FILE_DIR)/Pods-BookTag-checkManifestLockResult.txt",
			);
			runOnlyForDeploymentPostprocessing = 0;
			shellPath = /bin/sh;
			shellScript = "diff \"${PODS_PODFILE_DIR_PATH}/Podfile.lock\" \"${PODS_ROOT}/Manifest.lock\" > /dev/null\nif [ $? != 0 ] ; then\n    # print error to STDERR\n    echo \"error: The sandbox is not in sync with the Podfile.lock. Run 'pod install' or update your CocoaPods installation.\" >&2\n    exit 1\nfi\n# This output is used by Xcode 'outputs' to avoid re-running this script phase.\necho \"SUCCESS\" > \"${SCRIPT_OUTPUT_FILE_0}\"\n";
			showEnvVarsInLog = 0;
		};
/* End PBXShellScriptBuildPhase section */

/* Begin PBXSourcesBuildPhase section */
		4D216C84200E50860061B263 /* Sources */ = {
			isa = PBXSourcesBuildPhase;
			buildActionMask = 2147483647;
			files = (
				4DDB8BC2200FA750007680F9 /* GoodreadsClient.swift in Sources */,
				4DDB8BBC200F8C14007680F9 /* Tag.swift in Sources */,
				4D216C8E200E50860061B263 /* TagViewController.swift in Sources */,
				4DDB8BC6200FB4AE007680F9 /* BookCollectionViewCell.swift in Sources */,
				4DDB8BB8200F8ACC007680F9 /* WaitingSpinner.swift in Sources */,
				4DDB8BB6200F8A7F007680F9 /* ErrorAlert.swift in Sources */,
				4D0792A0201103BE000B95D7 /* BookViewController.swift in Sources */,
				4D216C8C200E50860061B263 /* AppDelegate.swift in Sources */,
				4DDB8BC0200FA678007680F9 /* ResponseHandler.swift in Sources */,
				4DDB8BBE200FA608007680F9 /* DisplayError.swift in Sources */,
				4DDB8BC4200FA916007680F9 /* Book.swift in Sources */,
				4DDB8BBA200F8B93007680F9 /* CollageViewController.swift in Sources */,
			);
			runOnlyForDeploymentPostprocessing = 0;
		};
/* End PBXSourcesBuildPhase section */

/* Begin PBXVariantGroup section */
		4D216C8F200E50860061B263 /* Main.storyboard */ = {
			isa = PBXVariantGroup;
			children = (
				4D216C90200E50860061B263 /* Base */,
			);
			name = Main.storyboard;
			sourceTree = "<group>";
		};
		4D216C94200E50860061B263 /* LaunchScreen.storyboard */ = {
			isa = PBXVariantGroup;
			children = (
				4D216C95200E50860061B263 /* Base */,
			);
			name = LaunchScreen.storyboard;
			sourceTree = "<group>";
		};
/* End PBXVariantGroup section */

/* Begin XCBuildConfiguration section */
		4D216C98200E50860061B263 /* Debug */ = {
			isa = XCBuildConfiguration;
			buildSettings = {
				ALWAYS_SEARCH_USER_PATHS = NO;
				CLANG_ANALYZER_NONNULL = YES;
				CLANG_ANALYZER_NUMBER_OBJECT_CONVERSION = YES_AGGRESSIVE;
				CLANG_CXX_LANGUAGE_STANDARD = "gnu++14";
				CLANG_CXX_LIBRARY = "libc++";
				CLANG_ENABLE_MODULES = YES;
				CLANG_ENABLE_OBJC_ARC = YES;
				CLANG_WARN_BLOCK_CAPTURE_AUTORELEASING = YES;
				CLANG_WARN_BOOL_CONVERSION = YES;
				CLANG_WARN_COMMA = YES;
				CLANG_WARN_CONSTANT_CONVERSION = YES;
				CLANG_WARN_DIRECT_OBJC_ISA_USAGE = YES_ERROR;
				CLANG_WARN_DOCUMENTATION_COMMENTS = YES;
				CLANG_WARN_EMPTY_BODY = YES;
				CLANG_WARN_ENUM_CONVERSION = YES;
				CLANG_WARN_INFINITE_RECURSION = YES;
				CLANG_WARN_INT_CONVERSION = YES;
				CLANG_WARN_NON_LITERAL_NULL_CONVERSION = YES;
				CLANG_WARN_OBJC_LITERAL_CONVERSION = YES;
				CLANG_WARN_OBJC_ROOT_CLASS = YES_ERROR;
				CLANG_WARN_RANGE_LOOP_ANALYSIS = YES;
				CLANG_WARN_STRICT_PROTOTYPES = YES;
				CLANG_WARN_SUSPICIOUS_MOVE = YES;
				CLANG_WARN_UNGUARDED_AVAILABILITY = YES_AGGRESSIVE;
				CLANG_WARN_UNREACHABLE_CODE = YES;
				CLANG_WARN__DUPLICATE_METHOD_MATCH = YES;
				CODE_SIGN_IDENTITY = "iPhone Developer";
				COPY_PHASE_STRIP = NO;
				DEBUG_INFORMATION_FORMAT = dwarf;
				ENABLE_STRICT_OBJC_MSGSEND = YES;
				ENABLE_TESTABILITY = YES;
				GCC_C_LANGUAGE_STANDARD = gnu11;
				GCC_DYNAMIC_NO_PIC = NO;
				GCC_NO_COMMON_BLOCKS = YES;
				GCC_OPTIMIZATION_LEVEL = 0;
				GCC_PREPROCESSOR_DEFINITIONS = (
					"DEBUG=1",
					"$(inherited)",
				);
				GCC_WARN_64_TO_32_BIT_CONVERSION = YES;
				GCC_WARN_ABOUT_RETURN_TYPE = YES_ERROR;
				GCC_WARN_UNDECLARED_SELECTOR = YES;
				GCC_WARN_UNINITIALIZED_AUTOS = YES_AGGRESSIVE;
				GCC_WARN_UNUSED_FUNCTION = YES;
				GCC_WARN_UNUSED_VARIABLE = YES;
				IPHONEOS_DEPLOYMENT_TARGET = 11.2;
				MTL_ENABLE_DEBUG_INFO = YES;
				ONLY_ACTIVE_ARCH = YES;
				SDKROOT = iphoneos;
				SWIFT_ACTIVE_COMPILATION_CONDITIONS = DEBUG;
				SWIFT_OPTIMIZATION_LEVEL = "-Onone";
			};
			name = Debug;
		};
		4D216C99200E50860061B263 /* Release */ = {
			isa = XCBuildConfiguration;
			buildSettings = {
				ALWAYS_SEARCH_USER_PATHS = NO;
				CLANG_ANALYZER_NONNULL = YES;
				CLANG_ANALYZER_NUMBER_OBJECT_CONVERSION = YES_AGGRESSIVE;
				CLANG_CXX_LANGUAGE_STANDARD = "gnu++14";
				CLANG_CXX_LIBRARY = "libc++";
				CLANG_ENABLE_MODULES = YES;
				CLANG_ENABLE_OBJC_ARC = YES;
				CLANG_WARN_BLOCK_CAPTURE_AUTORELEASING = YES;
				CLANG_WARN_BOOL_CONVERSION = YES;
				CLANG_WARN_COMMA = YES;
				CLANG_WARN_CONSTANT_CONVERSION = YES;
				CLANG_WARN_DIRECT_OBJC_ISA_USAGE = YES_ERROR;
				CLANG_WARN_DOCUMENTATION_COMMENTS = YES;
				CLANG_WARN_EMPTY_BODY = YES;
				CLANG_WARN_ENUM_CONVERSION = YES;
				CLANG_WARN_INFINITE_RECURSION = YES;
				CLANG_WARN_INT_CONVERSION = YES;
				CLANG_WARN_NON_LITERAL_NULL_CONVERSION = YES;
				CLANG_WARN_OBJC_LITERAL_CONVERSION = YES;
				CLANG_WARN_OBJC_ROOT_CLASS = YES_ERROR;
				CLANG_WARN_RANGE_LOOP_ANALYSIS = YES;
				CLANG_WARN_STRICT_PROTOTYPES = YES;
				CLANG_WARN_SUSPICIOUS_MOVE = YES;
				CLANG_WARN_UNGUARDED_AVAILABILITY = YES_AGGRESSIVE;
				CLANG_WARN_UNREACHABLE_CODE = YES;
				CLANG_WARN__DUPLICATE_METHOD_MATCH = YES;
				CODE_SIGN_IDENTITY = "iPhone Developer";
				COPY_PHASE_STRIP = NO;
				DEBUG_INFORMATION_FORMAT = "dwarf-with-dsym";
				ENABLE_NS_ASSERTIONS = NO;
				ENABLE_STRICT_OBJC_MSGSEND = YES;
				GCC_C_LANGUAGE_STANDARD = gnu11;
				GCC_NO_COMMON_BLOCKS = YES;
				GCC_WARN_64_TO_32_BIT_CONVERSION = YES;
				GCC_WARN_ABOUT_RETURN_TYPE = YES_ERROR;
				GCC_WARN_UNDECLARED_SELECTOR = YES;
				GCC_WARN_UNINITIALIZED_AUTOS = YES_AGGRESSIVE;
				GCC_WARN_UNUSED_FUNCTION = YES;
				GCC_WARN_UNUSED_VARIABLE = YES;
				IPHONEOS_DEPLOYMENT_TARGET = 11.2;
				MTL_ENABLE_DEBUG_INFO = NO;
				SDKROOT = iphoneos;
				SWIFT_OPTIMIZATION_LEVEL = "-Owholemodule";
				VALIDATE_PRODUCT = YES;
			};
			name = Release;
		};
		4D216C9B200E50860061B263 /* Debug */ = {
			isa = XCBuildConfiguration;
			baseConfigurationReference = 351ED97A2F441284790CE39F /* Pods-BookTag.debug.xcconfig */;
			buildSettings = {
				ASSETCATALOG_COMPILER_APPICON_NAME = AppIcon;
				CODE_SIGN_STYLE = Automatic;
				DEVELOPMENT_TEAM = YV6W656V5T;
				INFOPLIST_FILE = BookTag/Info.plist;
				LD_RUNPATH_SEARCH_PATHS = "$(inherited) @executable_path/Frameworks";
				PRODUCT_BUNDLE_IDENTIFIER = com.jasonwedepohl.udacity.BookTag;
				PRODUCT_NAME = "$(TARGET_NAME)";
				SWIFT_VERSION = 4.0;
				TARGETED_DEVICE_FAMILY = "1,2";
			};
			name = Debug;
		};
		4D216C9C200E50860061B263 /* Release */ = {
			isa = XCBuildConfiguration;
			baseConfigurationReference = B5D1B0AB5C62FB1525B3943D /* Pods-BookTag.release.xcconfig */;
			buildSettings = {
				ASSETCATALOG_COMPILER_APPICON_NAME = AppIcon;
				CODE_SIGN_STYLE = Automatic;
				DEVELOPMENT_TEAM = YV6W656V5T;
				INFOPLIST_FILE = BookTag/Info.plist;
				LD_RUNPATH_SEARCH_PATHS = "$(inherited) @executable_path/Frameworks";
				PRODUCT_BUNDLE_IDENTIFIER = com.jasonwedepohl.udacity.BookTag;
				PRODUCT_NAME = "$(TARGET_NAME)";
				SWIFT_VERSION = 4.0;
				TARGETED_DEVICE_FAMILY = "1,2";
			};
			name = Release;
		};
/* End XCBuildConfiguration section */

/* Begin XCConfigurationList section */
		4D216C83200E50860061B263 /* Build configuration list for PBXProject "BookTag" */ = {
			isa = XCConfigurationList;
			buildConfigurations = (
				4D216C98200E50860061B263 /* Debug */,
				4D216C99200E50860061B263 /* Release */,
			);
			defaultConfigurationIsVisible = 0;
			defaultConfigurationName = Release;
		};
		4D216C9A200E50860061B263 /* Build configuration list for PBXNativeTarget "BookTag" */ = {
			isa = XCConfigurationList;
			buildConfigurations = (
				4D216C9B200E50860061B263 /* Debug */,
				4D216C9C200E50860061B263 /* Release */,
			);
			defaultConfigurationIsVisible = 0;
			defaultConfigurationName = Release;
		};
/* End XCConfigurationList section */
	};
	rootObject = 4D216C80200E50860061B263 /* Project object */;
}
